
Microsoft Visual Studio Solution File, Format Version 12.00
# Visual Studio Version 17
VisualStudioVersion = 17.6.33801.468
MinimumVisualStudioVersion = 10.0.40219.1
Project("{FAE04EC0-301F-11D3-BF4B-00C04F79EFBC}") = "mysignalR", "mysignalR\mysignalR.csproj", "{A6DD3B7A-A6A8-4302-9701-A47514F1CCCB}"
EndProject
Global
	GlobalSection(SolutionConfigurationPlatforms) = preSolution
		Debug|Any CPU = Debug|Any CPU
		Release|Any CPU = Release|Any CPU
	EndGlobalSection
	GlobalSection(ProjectConfigurationPlatforms) = postSolution
		{A6DD3B7A-A6A8-4302-9701-A47514F1CCCB}.Debug|Any CPU.ActiveCfg = Debug|Any CPU
		{A6DD3B7A-A6A8-4302-9701-A47514F1CCCB}.Debug|Any CPU.Build.0 = Debug|Any CPU
		{A6DD3B7A-A6A8-4302-9701-A47514F1CCCB}.Release|Any CPU.ActiveCfg = Release|Any CPU
		{A6DD3B7A-A6A8-4302-9701-A47514F1CCCB}.Release|Any CPU.Build.0 = Release|Any CPU
	EndGlobalSection
	GlobalSection(SolutionProperties) = preSolution
		HideSolutionNode = FALSE
	EndGlobalSection
	GlobalSection(ExtensibilityGlobals) = postSolution
		SolutionGuid = {C6FBC143-F29C-49CC-9625-51BF9FF8F22F}
	EndGlobalSection
EndGlobal
